
Microsoft Visual Studio Solution File, Format Version 10.00
# Visual Studio 2008
Project("{FAE04EC0-301F-11D3-BF4B-00C04F79EFBC}") = "Soshiant33.WorldEditor", "Soshiant33.WorldEditor.csproj", "{824E70D9-F6C0-4F5B-B0FC-2DF3B7A45552}"
EndProject
Global
	GlobalSection(SolutionConfigurationPlatforms) = preSolution
		Debug|Any CPU = Debug|Any CPU
		Release|Any CPU = Release|Any CPU
	EndGlobalSection
	GlobalSection(ProjectConfigurationPlatforms) = postSolution
		{824E70D9-F6C0-4F5B-B0FC-2DF3B7A45552}.Debug|Any CPU.ActiveCfg = Debug|Any CPU
		{824E70D9-F6C0-4F5B-B0FC-2DF3B7A45552}.Debug|Any CPU.Build.0 = Debug|Any CPU
		{824E70D9-F6C0-4F5B-B0FC-2DF3B7A45552}.Release|Any CPU.ActiveCfg = Release|Any CPU
		{824E70D9-F6C0-4F5B-B0FC-2DF3B7A45552}.Release|Any CPU.Build.0 = Release|Any CPU
	EndGlobalSection
	GlobalSection(SolutionProperties) = preSolution
		HideSolutionNode = FALSE
	EndGlobalSection
EndGlobal
