
Microsoft Visual Studio Solution File, Format Version 10.00
# Visual Studio 2008
Project("{FAE04EC0-301F-11D3-BF4B-00C04F79EFBC}") = "Soshiant Sprite Sheet Builder", "Soshiant Sprite Sheet Builder.csproj", "{867C75C5-71F7-4965-A14D-FA6BD2935981}"
EndProject
Global
	GlobalSection(SolutionConfigurationPlatforms) = preSolution
		Debug|Any CPU = Debug|Any CPU
		Release|Any CPU = Release|Any CPU
	EndGlobalSection
	GlobalSection(ProjectConfigurationPlatforms) = postSolution
		{867C75C5-71F7-4965-A14D-FA6BD2935981}.Debug|Any CPU.ActiveCfg = Debug|Any CPU
		{867C75C5-71F7-4965-A14D-FA6BD2935981}.Debug|Any CPU.Build.0 = Debug|Any CPU
		{867C75C5-71F7-4965-A14D-FA6BD2935981}.Release|Any CPU.ActiveCfg = Release|Any CPU
		{867C75C5-71F7-4965-A14D-FA6BD2935981}.Release|Any CPU.Build.0 = Release|Any CPU
	EndGlobalSection
	GlobalSection(SolutionProperties) = preSolution
		HideSolutionNode = FALSE
	EndGlobalSection
EndGlobal
