
Microsoft Visual Studio Solution File, Format Version 10.00
# Visual Studio 2008
Project("{FAE04EC0-301F-11D3-BF4B-00C04F79EFBC}") = "Soshiant33.LibraryManager", "Soshiant33.LibraryManager.csproj", "{B11C6D8A-462F-4A21-BE31-F42C0981BDD4}"
EndProject
Global
	GlobalSection(SolutionConfigurationPlatforms) = preSolution
		Debug|Any CPU = Debug|Any CPU
		Release|Any CPU = Release|Any CPU
	EndGlobalSection
	GlobalSection(ProjectConfigurationPlatforms) = postSolution
		{B11C6D8A-462F-4A21-BE31-F42C0981BDD4}.Debug|Any CPU.ActiveCfg = Debug|Any CPU
		{B11C6D8A-462F-4A21-BE31-F42C0981BDD4}.Debug|Any CPU.Build.0 = Debug|Any CPU
		{B11C6D8A-462F-4A21-BE31-F42C0981BDD4}.Release|Any CPU.ActiveCfg = Release|Any CPU
		{B11C6D8A-462F-4A21-BE31-F42C0981BDD4}.Release|Any CPU.Build.0 = Release|Any CPU
	EndGlobalSection
	GlobalSection(SolutionProperties) = preSolution
		HideSolutionNode = FALSE
	EndGlobalSection
EndGlobal
